uuid: affe58f1-201c-4af9-8b28-f3b8b0b4f04a
langcode: fr
status: true
dependencies:
  module:
    - icdc_investors
  theme:
    - cdc_theme
id: investorsmodalblock
theme: cdc_theme
region: content
weight: -18
provider: null
plugin: investors_modal_block
settings:
  id: investors_modal_block
  label: '[MODAL] Investisseurs'
  label_display: '0'
  provider: icdc_investors
visibility: {  }
