uuid: f055f98c-1ac4-481d-9a7b-578ae839bbae
langcode: fr
status: true
dependencies:
  module:
    - icdc_search
  theme:
    - cdc_theme
id: icdcsearchblock
theme: cdc_theme
region: navigation
weight: -19
provider: null
plugin: icdc_search_block
settings:
  id: icdc_search_block
  label: 'ICDC Search block'
  label_display: '0'
  provider: icdc_search
visibility: {  }
